
Microsoft Visual Studio Solution File, Format Version 12.00
# Visual Studio 14
VisualStudioVersion = 14.0.25420.1
MinimumVisualStudioVersion = 10.0.40219.1
Project("{FAE04EC0-301F-11D3-BF4B-00C04F79EFBC}") = "ServiceLogic", "ServiceLogic\ServiceLogic.csproj", "{F33D9775-E1DC-49F8-894C-09FEEA875CFB}"
EndProject
Project("{FAE04EC0-301F-11D3-BF4B-00C04F79EFBC}") = "WcfUserService", "WcfUserService\WcfUserService.csproj", "{155FD100-1F9A-4FE3-B2DC-9B403404698F}"
EndProject
Project("{FAE04EC0-301F-11D3-BF4B-00C04F79EFBC}") = "ServiceLogicTests", "ServiceLogicTests\ServiceLogicTests.csproj", "{65F6D52F-C66A-4976-9DBA-9BD26B0A429F}"
EndProject
Project("{FAE04EC0-301F-11D3-BF4B-00C04F79EFBC}") = "UserServiceNodesReplication", "UserServiceNodesReplication\UserServiceNodesReplication.csproj", "{E5D6B8F1-0220-4FCE-9730-0C45D28AB53A}"
EndProject
Global
	GlobalSection(SolutionConfigurationPlatforms) = preSolution
		Debug|Any CPU = Debug|Any CPU
		Release|Any CPU = Release|Any CPU
	EndGlobalSection
	GlobalSection(ProjectConfigurationPlatforms) = postSolution
		{F33D9775-E1DC-49F8-894C-09FEEA875CFB}.Debug|Any CPU.ActiveCfg = Debug|Any CPU
		{F33D9775-E1DC-49F8-894C-09FEEA875CFB}.Debug|Any CPU.Build.0 = Debug|Any CPU
		{F33D9775-E1DC-49F8-894C-09FEEA875CFB}.Release|Any CPU.ActiveCfg = Release|Any CPU
		{F33D9775-E1DC-49F8-894C-09FEEA875CFB}.Release|Any CPU.Build.0 = Release|Any CPU
		{155FD100-1F9A-4FE3-B2DC-9B403404698F}.Debug|Any CPU.ActiveCfg = Debug|Any CPU
		{155FD100-1F9A-4FE3-B2DC-9B403404698F}.Debug|Any CPU.Build.0 = Debug|Any CPU
		{155FD100-1F9A-4FE3-B2DC-9B403404698F}.Release|Any CPU.ActiveCfg = Release|Any CPU
		{155FD100-1F9A-4FE3-B2DC-9B403404698F}.Release|Any CPU.Build.0 = Release|Any CPU
		{65F6D52F-C66A-4976-9DBA-9BD26B0A429F}.Debug|Any CPU.ActiveCfg = Debug|Any CPU
		{65F6D52F-C66A-4976-9DBA-9BD26B0A429F}.Debug|Any CPU.Build.0 = Debug|Any CPU
		{65F6D52F-C66A-4976-9DBA-9BD26B0A429F}.Release|Any CPU.ActiveCfg = Release|Any CPU
		{65F6D52F-C66A-4976-9DBA-9BD26B0A429F}.Release|Any CPU.Build.0 = Release|Any CPU
		{E5D6B8F1-0220-4FCE-9730-0C45D28AB53A}.Debug|Any CPU.ActiveCfg = Debug|Any CPU
		{E5D6B8F1-0220-4FCE-9730-0C45D28AB53A}.Debug|Any CPU.Build.0 = Debug|Any CPU
		{E5D6B8F1-0220-4FCE-9730-0C45D28AB53A}.Release|Any CPU.ActiveCfg = Release|Any CPU
		{E5D6B8F1-0220-4FCE-9730-0C45D28AB53A}.Release|Any CPU.Build.0 = Release|Any CPU
	EndGlobalSection
	GlobalSection(SolutionProperties) = preSolution
		HideSolutionNode = FALSE
	EndGlobalSection
EndGlobal
